
Microsoft Visual Studio Solution File, Format Version 9.00
# Visual Studio 2005
Project("{8BC9CEB8-8B4A-11D0-8D11-00A0C91BC942}") = "AntiRecall", "AntiRecall\AntiRecall.vcproj", "{C0400773-C634-4147-BF99-1B680E7D66FE}"
EndProject
Global
	GlobalSection(SolutionConfigurationPlatforms) = preSolution
		Debug|Win32 = Debug|Win32
		Release|Win32 = Release|Win32
	EndGlobalSection
	GlobalSection(ProjectConfigurationPlatforms) = postSolution
		{C0400773-C634-4147-BF99-1B680E7D66FE}.Debug|Win32.ActiveCfg = Debug|Win32
		{C0400773-C634-4147-BF99-1B680E7D66FE}.Debug|Win32.Build.0 = Debug|Win32
		{C0400773-C634-4147-BF99-1B680E7D66FE}.Release|Win32.ActiveCfg = Release|Win32
		{C0400773-C634-4147-BF99-1B680E7D66FE}.Release|Win32.Build.0 = Release|Win32
	EndGlobalSection
	GlobalSection(SolutionProperties) = preSolution
		HideSolutionNode = FALSE
	EndGlobalSection
EndGlobal
